// !$*UTF8*$!
{
	archiveVersion = 1;
	classes = {
	};
	objectVersion = 55;
	objects = {

/* Begin PBXBuildFile section */
		49320A9C9E7AE7596D65E6D7 /* Pods_Final.framework in Frameworks */ = {isa = PBXBuildFile; fileRef = 70668210E6AFA84D619A83C8 /* Pods_Final.framework */; };
		932408E729266F4200F965AA /* PrifileView.swift in Sources */ = {isa = PBXBuildFile; fileRef = 932408E629266F4200F965AA /* PrifileView.swift */; };
		9336669429191CA600B55FE6 /* Model.swift in Sources */ = {isa = PBXBuildFile; fileRef = 9336669329191CA600B55FE6 /* Model.swift */; };
		93B2ABF5292681ED00A7A7A2 /* CustomModifire.swift in Sources */ = {isa = PBXBuildFile; fileRef = 93B2ABF4292681ED00A7A7A2 /* CustomModifire.swift */; };
		93B9F9D02927A8F500FC0780 /* ChangeNewsView.swift in Sources */ = {isa = PBXBuildFile; fileRef = 93B9F9CF2927A8F500FC0780 /* ChangeNewsView.swift */; };
		93C1D1A82913E457001F2A74 /* FinalApp.swift in Sources */ = {isa = PBXBuildFile; fileRef = 93C1D1A72913E457001F2A74 /* FinalApp.swift */; };
		93C1D1AA2913E457001F2A74 /* LogView.swift in Sources */ = {isa = PBXBuildFile; fileRef = 93C1D1A92913E457001F2A74 /* LogView.swift */; };
		93C1D1AC2913E458001F2A74 /* Assets.xcassets in Resources */ = {isa = PBXBuildFile; fileRef = 93C1D1AB2913E458001F2A74 /* Assets.xcassets */; };
		93C1D1AF2913E458001F2A74 /* Preview Assets.xcassets in Resources */ = {isa = PBXBuildFile; fileRef = 93C1D1AE2913E458001F2A74 /* Preview Assets.xcassets */; };
		93C1D1B82913FE31001F2A74 /* SingUpView.swift in Sources */ = {isa = PBXBuildFile; fileRef = 93C1D1B72913FE31001F2A74 /* SingUpView.swift */; };
		93E7E02029237DFA0011EF66 /* Repository.swift in Sources */ = {isa = PBXBuildFile; fileRef = 93E7E01F29237DFA0011EF66 /* Repository.swift */; };
		93E7E022292397750011EF66 /* NewsView.swift in Sources */ = {isa = PBXBuildFile; fileRef = 93E7E021292397750011EF66 /* NewsView.swift */; };
		93E7E0252923D82B0011EF66 /* PhotoPiker.swift in Sources */ = {isa = PBXBuildFile; fileRef = 93E7E0242923D82B0011EF66 /* PhotoPiker.swift */; };
		93EFA77B291AA2F500F426FB /* VIewModelClass.swift in Sources */ = {isa = PBXBuildFile; fileRef = 93EFA77A291AA2F500F426FB /* VIewModelClass.swift */; };
		93F1A66A2924F3240005B30F /* CellView.swift in Sources */ = {isa = PBXBuildFile; fileRef = 93F1A6692924F3240005B30F /* CellView.swift */; };
		93F1A66C292525790005B30F /* CreateNewsView.swift in Sources */ = {isa = PBXBuildFile; fileRef = 93F1A66B292525790005B30F /* CreateNewsView.swift */; };
/* End PBXBuildFile section */

/* Begin PBXFileReference section */
		312CB3CC4355AB1F2AD194D7 /* Pods-Final.release.xcconfig */ = {isa = PBXFileReference; includeInIndex = 1; lastKnownFileType = text.xcconfig; name = "Pods-Final.release.xcconfig"; path = "Target Support Files/Pods-Final/Pods-Final.release.xcconfig"; sourceTree = "<group>"; };
		70668210E6AFA84D619A83C8 /* Pods_Final.framework */ = {isa = PBXFileReference; explicitFileType = wrapper.framework; includeInIndex = 0; path = Pods_Final.framework; sourceTree = BUILT_PRODUCTS_DIR; };
		932408E629266F4200F965AA /* PrifileView.swift */ = {isa = PBXFileReference; lastKnownFileType = sourcecode.swift; path = PrifileView.swift; sourceTree = "<group>"; };
		9336669329191CA600B55FE6 /* Model.swift */ = {isa = PBXFileReference; lastKnownFileType = sourcecode.swift; path = Model.swift; sourceTree = "<group>"; };
		93B2ABF4292681ED00A7A7A2 /* CustomModifire.swift */ = {isa = PBXFileReference; lastKnownFileType = sourcecode.swift; path = CustomModifire.swift; sourceTree = "<group>"; };
		93B9F9CF2927A8F500FC0780 /* ChangeNewsView.swift */ = {isa = PBXFileReference; fileEncoding = 4; lastKnownFileType = sourcecode.swift; path = ChangeNewsView.swift; sourceTree = "<group>"; };
		93C1D1A42913E457001F2A74 /* Final.app */ = {isa = PBXFileReference; explicitFileType = wrapper.application; includeInIndex = 0; path = Final.app; sourceTree = BUILT_PRODUCTS_DIR; };
		93C1D1A72913E457001F2A74 /* FinalApp.swift */ = {isa = PBXFileReference; lastKnownFileType = sourcecode.swift; path = FinalApp.swift; sourceTree = "<group>"; };
		93C1D1A92913E457001F2A74 /* LogView.swift */ = {isa = PBXFileReference; lastKnownFileType = sourcecode.swift; path = LogView.swift; sourceTree = "<group>"; };
		93C1D1AB2913E458001F2A74 /* Assets.xcassets */ = {isa = PBXFileReference; lastKnownFileType = folder.assetcatalog; path = Assets.xcassets; sourceTree = "<group>"; };
		93C1D1AE2913E458001F2A74 /* Preview Assets.xcassets */ = {isa = PBXFileReference; lastKnownFileType = folder.assetcatalog; path = "Preview Assets.xcassets"; sourceTree = "<group>"; };
		93C1D1B72913FE31001F2A74 /* SingUpView.swift */ = {isa = PBXFileReference; lastKnownFileType = sourcecode.swift; path = SingUpView.swift; sourceTree = "<group>"; };
		93E7E01F29237DFA0011EF66 /* Repository.swift */ = {isa = PBXFileReference; lastKnownFileType = sourcecode.swift; path = Repository.swift; sourceTree = "<group>"; };
		93E7E021292397750011EF66 /* NewsView.swift */ = {isa = PBXFileReference; lastKnownFileType = sourcecode.swift; path = NewsView.swift; sourceTree = SOURCE_ROOT; };
		93E7E0242923D82B0011EF66 /* PhotoPiker.swift */ = {isa = PBXFileReference; fileEncoding = 4; lastKnownFileType = sourcecode.swift; path = PhotoPiker.swift; sourceTree = "<group>"; };
		93EFA77A291AA2F500F426FB /* VIewModelClass.swift */ = {isa = PBXFileReference; lastKnownFileType = sourcecode.swift; path = VIewModelClass.swift; sourceTree = "<group>"; };
		93F1A6692924F3240005B30F /* CellView.swift */ = {isa = PBXFileReference; lastKnownFileType = sourcecode.swift; path = CellView.swift; sourceTree = "<group>"; };
		93F1A66B292525790005B30F /* CreateNewsView.swift */ = {isa = PBXFileReference; lastKnownFileType = sourcecode.swift; path = CreateNewsView.swift; sourceTree = "<group>"; };
		DF5F15211753583C48FB8457 /* Pods-Final.debug.xcconfig */ = {isa = PBXFileReference; includeInIndex = 1; lastKnownFileType = text.xcconfig; name = "Pods-Final.debug.xcconfig"; path = "Target Support Files/Pods-Final/Pods-Final.debug.xcconfig"; sourceTree = "<group>"; };
/* End PBXFileReference section */

/* Begin PBXFrameworksBuildPhase section */
		93C1D1A12913E457001F2A74 /* Frameworks */ = {
			isa = PBXFrameworksBuildPhase;
			buildActionMask = 2147483647;
			files = (
				49320A9C9E7AE7596D65E6D7 /* Pods_Final.framework in Frameworks */,
			);
			runOnlyForDeploymentPostprocessing = 0;
		};
/* End PBXFrameworksBuildPhase section */

/* Begin PBXGroup section */
		34BBBA4F896A2E3467A3B5BA /* Pods */ = {
			isa = PBXGroup;
			children = (
				DF5F15211753583C48FB8457 /* Pods-Final.debug.xcconfig */,
				312CB3CC4355AB1F2AD194D7 /* Pods-Final.release.xcconfig */,
			);
			path = Pods;
			sourceTree = "<group>";
		};
		9336669529191D2500B55FE6 /* Model */ = {
			isa = PBXGroup;
			children = (
				9336669329191CA600B55FE6 /* Model.swift */,
			);
			path = Model;
			sourceTree = "<group>";
		};
		9336669629191D5300B55FE6 /* View */ = {
			isa = PBXGroup;
			children = (
				93C1D1A92913E457001F2A74 /* LogView.swift */,
				93E7E021292397750011EF66 /* NewsView.swift */,
				93C1D1B72913FE31001F2A74 /* SingUpView.swift */,
				93F1A66B292525790005B30F /* CreateNewsView.swift */,
				93F1A6692924F3240005B30F /* CellView.swift */,
				93B9F9CF2927A8F500FC0780 /* ChangeNewsView.swift */,
				932408E629266F4200F965AA /* PrifileView.swift */,
			);
			path = View;
			sourceTree = "<group>";
		};
		93C1D19B2913E457001F2A74 = {
			isa = PBXGroup;
			children = (
				93C1D1A62913E457001F2A74 /* Final */,
				93C1D1A52913E457001F2A74 /* Products */,
				34BBBA4F896A2E3467A3B5BA /* Pods */,
				EE6F1A3352433BB7B3437C12 /* Frameworks */,
			);
			sourceTree = "<group>";
		};
		93C1D1A52913E457001F2A74 /* Products */ = {
			isa = PBXGroup;
			children = (
				93C1D1A42913E457001F2A74 /* Final.app */,
			);
			name = Products;
			sourceTree = "<group>";
		};
		93C1D1A62913E457001F2A74 /* Final */ = {
			isa = PBXGroup;
			children = (
				93F4F137292CC50400F1BA32 /* CustomComponets  */,
				93E7E023292398B60011EF66 /* VIewModel */,
				9336669529191D2500B55FE6 /* Model */,
				9336669629191D5300B55FE6 /* View */,
				93C1D1AD2913E458001F2A74 /* Preview Content */,
			);
			path = Final;
			sourceTree = "<group>";
		};
		93C1D1AD2913E458001F2A74 /* Preview Content */ = {
			isa = PBXGroup;
			children = (
				93C1D1AB2913E458001F2A74 /* Assets.xcassets */,
				93C1D1A72913E457001F2A74 /* FinalApp.swift */,
				93C1D1AE2913E458001F2A74 /* Preview Assets.xcassets */,
			);
			path = "Preview Content";
			sourceTree = "<group>";
		};
		93E7E023292398B60011EF66 /* VIewModel */ = {
			isa = PBXGroup;
			children = (
				93EFA77A291AA2F500F426FB /* VIewModelClass.swift */,
				93E7E01F29237DFA0011EF66 /* Repository.swift */,
			);
			path = VIewModel;
			sourceTree = "<group>";
		};
		93F4F137292CC50400F1BA32 /* CustomComponets  */ = {
			isa = PBXGroup;
			children = (
				93E7E0242923D82B0011EF66 /* PhotoPiker.swift */,
				93B2ABF4292681ED00A7A7A2 /* CustomModifire.swift */,
			);
			path = "CustomComponets ";
			sourceTree = "<group>";
		};
		EE6F1A3352433BB7B3437C12 /* Frameworks */ = {
			isa = PBXGroup;
			children = (
				70668210E6AFA84D619A83C8 /* Pods_Final.framework */,
			);
			name = Frameworks;
			sourceTree = "<group>";
		};
/* End PBXGroup section */

/* Begin PBXNativeTarget section */
		93C1D1A32913E457001F2A74 /* Final */ = {
			isa = PBXNativeTarget;
			buildConfigurationList = 93C1D1B22913E458001F2A74 /* Build configuration list for PBXNativeTarget "Final" */;
			buildPhases = (
				7E8106F9A49A96A211686FCE /* [CP] Check Pods Manifest.lock */,
				93C1D1A02913E457001F2A74 /* Sources */,
				93C1D1A12913E457001F2A74 /* Frameworks */,
				93C1D1A22913E457001F2A74 /* Resources */,
				2FAB5AD5336D7590F262A61B /* [CP] Embed Pods Frameworks */,
			);
			buildRules = (
			);
			dependencies = (
			);
			name = Final;
			productName = Final;
			productReference = 93C1D1A42913E457001F2A74 /* Final.app */;
			productType = "com.apple.product-type.application";
		};
/* End PBXNativeTarget section */

/* Begin PBXProject section */
		93C1D19C2913E457001F2A74 /* Project object */ = {
			isa = PBXProject;
			attributes = {
				BuildIndependentTargetsInParallel = 1;
				LastSwiftUpdateCheck = 1310;
				LastUpgradeCheck = 1310;
				TargetAttributes = {
					93C1D1A32913E457001F2A74 = {
						CreatedOnToolsVersion = 13.1;
					};
				};
			};
			buildConfigurationList = 93C1D19F2913E457001F2A74 /* Build configuration list for PBXProject "Final" */;
			compatibilityVersion = "Xcode 13.0";
			developmentRegion = en;
			hasScannedForEncodings = 0;
			knownRegions = (
				en,
				Base,
			);
			mainGroup = 93C1D19B2913E457001F2A74;
			productRefGroup = 93C1D1A52913E457001F2A74 /* Products */;
			projectDirPath = "";
			projectRoot = "";
			targets = (
				93C1D1A32913E457001F2A74 /* Final */,
			);
		};
/* End PBXProject section */

/* Begin PBXResourcesBuildPhase section */
		93C1D1A22913E457001F2A74 /* Resources */ = {
			isa = PBXResourcesBuildPhase;
			buildActionMask = 2147483647;
			files = (
				93C1D1AF2913E458001F2A74 /* Preview Assets.xcassets in Resources */,
				93C1D1AC2913E458001F2A74 /* Assets.xcassets in Resources */,
			);
			runOnlyForDeploymentPostprocessing = 0;
		};
/* End PBXResourcesBuildPhase section */

/* Begin PBXShellScriptBuildPhase section */
		2FAB5AD5336D7590F262A61B /* [CP] Embed Pods Frameworks */ = {
			isa = PBXShellScriptBuildPhase;
			buildActionMask = 2147483647;
			files = (
			);
			inputFileListPaths = (
				"${PODS_ROOT}/Target Support Files/Pods-Final/Pods-Final-frameworks-${CONFIGURATION}-input-files.xcfilelist",
			);
			name = "[CP] Embed Pods Frameworks";
			outputFileListPaths = (
				"${PODS_ROOT}/Target Support Files/Pods-Final/Pods-Final-frameworks-${CONFIGURATION}-output-files.xcfilelist",
			);
			runOnlyForDeploymentPostprocessing = 0;
			shellPath = /bin/sh;
			shellScript = "\"${PODS_ROOT}/Target Support Files/Pods-Final/Pods-Final-frameworks.sh\"\n";
			showEnvVarsInLog = 0;
		};
		7E8106F9A49A96A211686FCE /* [CP] Check Pods Manifest.lock */ = {
			isa = PBXShellScriptBuildPhase;
			buildActionMask = 2147483647;
			files = (
			);
			inputFileListPaths = (
			);
			inputPaths = (
				"${PODS_PODFILE_DIR_PATH}/Podfile.lock",
				"${PODS_ROOT}/Manifest.lock",
			);
			name = "[CP] Check Pods Manifest.lock";
			outputFileListPaths = (
			);
			outputPaths = (
				"$(DERIVED_FILE_DIR)/Pods-Final-checkManifestLockResult.txt",
			);
			runOnlyForDeploymentPostprocessing = 0;
			shellPath = /bin/sh;
			shellScript = "diff \"${PODS_PODFILE_DIR_PATH}/Podfile.lock\" \"${PODS_ROOT}/Manifest.lock\" > /dev/null\nif [ $? != 0 ] ; then\n    # print error to STDERR\n    echo \"error: The sandbox is not in sync with the Podfile.lock. Run 'pod install' or update your CocoaPods installation.\" >&2\n    exit 1\nfi\n# This output is used by Xcode 'outputs' to avoid re-running this script phase.\necho \"SUCCESS\" > \"${SCRIPT_OUTPUT_FILE_0}\"\n";
			showEnvVarsInLog = 0;
		};
/* End PBXShellScriptBuildPhase section */

/* Begin PBXSourcesBuildPhase section */
		93C1D1A02913E457001F2A74 /* Sources */ = {
			isa = PBXSourcesBuildPhase;
			buildActionMask = 2147483647;
			files = (
				93E7E02029237DFA0011EF66 /* Repository.swift in Sources */,
				93E7E022292397750011EF66 /* NewsView.swift in Sources */,
				93C1D1AA2913E457001F2A74 /* LogView.swift in Sources */,
				93F1A66C292525790005B30F /* CreateNewsView.swift in Sources */,
				93B2ABF5292681ED00A7A7A2 /* CustomModifire.swift in Sources */,
				93E7E0252923D82B0011EF66 /* PhotoPiker.swift in Sources */,
				93EFA77B291AA2F500F426FB /* VIewModelClass.swift in Sources */,
				93C1D1A82913E457001F2A74 /* FinalApp.swift in Sources */,
				93F1A66A2924F3240005B30F /* CellView.swift in Sources */,
				93B9F9D02927A8F500FC0780 /* ChangeNewsView.swift in Sources */,
				9336669429191CA600B55FE6 /* Model.swift in Sources */,
				932408E729266F4200F965AA /* PrifileView.swift in Sources */,
				93C1D1B82913FE31001F2A74 /* SingUpView.swift in Sources */,
			);
			runOnlyForDeploymentPostprocessing = 0;
		};
/* End PBXSourcesBuildPhase section */

/* Begin XCBuildConfiguration section */
		93C1D1B02913E458001F2A74 /* Debug */ = {
			isa = XCBuildConfiguration;
			buildSettings = {
				ALWAYS_SEARCH_USER_PATHS = NO;
				CLANG_ANALYZER_NONNULL = YES;
				CLANG_ANALYZER_NUMBER_OBJECT_CONVERSION = YES_AGGRESSIVE;
				CLANG_CXX_LANGUAGE_STANDARD = "gnu++17";
				CLANG_CXX_LIBRARY = "libc++";
				CLANG_ENABLE_MODULES = YES;
				CLANG_ENABLE_OBJC_ARC = YES;
				CLANG_ENABLE_OBJC_WEAK = YES;
				CLANG_WARN_BLOCK_CAPTURE_AUTORELEASING = YES;
				CLANG_WARN_BOOL_CONVERSION = YES;
				CLANG_WARN_COMMA = YES;
				CLANG_WARN_CONSTANT_CONVERSION = YES;
				CLANG_WARN_DEPRECATED_OBJC_IMPLEMENTATIONS = YES;
				CLANG_WARN_DIRECT_OBJC_ISA_USAGE = YES_ERROR;
				CLANG_WARN_DOCUMENTATION_COMMENTS = YES;
				CLANG_WARN_EMPTY_BODY = YES;
				CLANG_WARN_ENUM_CONVERSION = YES;
				CLANG_WARN_INFINITE_RECURSION = YES;
				CLANG_WARN_INT_CONVERSION = YES;
				CLANG_WARN_NON_LITERAL_NULL_CONVERSION = YES;
				CLANG_WARN_OBJC_IMPLICIT_RETAIN_SELF = YES;
				CLANG_WARN_OBJC_LITERAL_CONVERSION = YES;
				CLANG_WARN_OBJC_ROOT_CLASS = YES_ERROR;
				CLANG_WARN_QUOTED_INCLUDE_IN_FRAMEWORK_HEADER = YES;
				CLANG_WARN_RANGE_LOOP_ANALYSIS = YES;
				CLANG_WARN_STRICT_PROTOTYPES = YES;
				CLANG_WARN_SUSPICIOUS_MOVE = YES;
				CLANG_WARN_UNGUARDED_AVAILABILITY = YES_AGGRESSIVE;
				CLANG_WARN_UNREACHABLE_CODE = YES;
				CLANG_WARN__DUPLICATE_METHOD_MATCH = YES;
				COPY_PHASE_STRIP = NO;
				DEBUG_INFORMATION_FORMAT = dwarf;
				ENABLE_STRICT_OBJC_MSGSEND = YES;
				ENABLE_TESTABILITY = YES;
				GCC_C_LANGUAGE_STANDARD = gnu11;
				GCC_DYNAMIC_NO_PIC = NO;
				GCC_NO_COMMON_BLOCKS = YES;
				GCC_OPTIMIZATION_LEVEL = 0;
				GCC_PREPROCESSOR_DEFINITIONS = (
					"DEBUG=1",
					"$(inherited)",
				);
				GCC_WARN_64_TO_32_BIT_CONVERSION = YES;
				GCC_WARN_ABOUT_RETURN_TYPE = YES_ERROR;
				GCC_WARN_UNDECLARED_SELECTOR = YES;
				GCC_WARN_UNINITIALIZED_AUTOS = YES_AGGRESSIVE;
				GCC_WARN_UNUSED_FUNCTION = YES;
				GCC_WARN_UNUSED_VARIABLE = YES;
				IPHONEOS_DEPLOYMENT_TARGET = 15.0;
				MTL_ENABLE_DEBUG_INFO = INCLUDE_SOURCE;
				MTL_FAST_MATH = YES;
				ONLY_ACTIVE_ARCH = YES;
				SDKROOT = iphoneos;
				SWIFT_ACTIVE_COMPILATION_CONDITIONS = DEBUG;
				SWIFT_OPTIMIZATION_LEVEL = "-Onone";
			};
			name = Debug;
		};
		93C1D1B12913E458001F2A74 /* Release */ = {
			isa = XCBuildConfiguration;
			buildSettings = {
				ALWAYS_SEARCH_USER_PATHS = NO;
				CLANG_ANALYZER_NONNULL = YES;
				CLANG_ANALYZER_NUMBER_OBJECT_CONVERSION = YES_AGGRESSIVE;
				CLANG_CXX_LANGUAGE_STANDARD = "gnu++17";
				CLANG_CXX_LIBRARY = "libc++";
				CLANG_ENABLE_MODULES = YES;
				CLANG_ENABLE_OBJC_ARC = YES;
				CLANG_ENABLE_OBJC_WEAK = YES;
				CLANG_WARN_BLOCK_CAPTURE_AUTORELEASING = YES;
				CLANG_WARN_BOOL_CONVERSION = YES;
				CLANG_WARN_COMMA = YES;
				CLANG_WARN_CONSTANT_CONVERSION = YES;
				CLANG_WARN_DEPRECATED_OBJC_IMPLEMENTATIONS = YES;
				CLANG_WARN_DIRECT_OBJC_ISA_USAGE = YES_ERROR;
				CLANG_WARN_DOCUMENTATION_COMMENTS = YES;
				CLANG_WARN_EMPTY_BODY = YES;
				CLANG_WARN_ENUM_CONVERSION = YES;
				CLANG_WARN_INFINITE_RECURSION = YES;
				CLANG_WARN_INT_CONVERSION = YES;
				CLANG_WARN_NON_LITERAL_NULL_CONVERSION = YES;
				CLANG_WARN_OBJC_IMPLICIT_RETAIN_SELF = YES;
				CLANG_WARN_OBJC_LITERAL_CONVERSION = YES;
				CLANG_WARN_OBJC_ROOT_CLASS = YES_ERROR;
				CLANG_WARN_QUOTED_INCLUDE_IN_FRAMEWORK_HEADER = YES;
				CLANG_WARN_RANGE_LOOP_ANALYSIS = YES;
				CLANG_WARN_STRICT_PROTOTYPES = YES;
				CLANG_WARN_SUSPICIOUS_MOVE = YES;
				CLANG_WARN_UNGUARDED_AVAILABILITY = YES_AGGRESSIVE;
				CLANG_WARN_UNREACHABLE_CODE = YES;
				CLANG_WARN__DUPLICATE_METHOD_MATCH = YES;
				COPY_PHASE_STRIP = NO;
				DEBUG_INFORMATION_FORMAT = "dwarf-with-dsym";
				ENABLE_NS_ASSERTIONS = NO;
				ENABLE_STRICT_OBJC_MSGSEND = YES;
				GCC_C_LANGUAGE_STANDARD = gnu11;
				GCC_NO_COMMON_BLOCKS = YES;
				GCC_WARN_64_TO_32_BIT_CONVERSION = YES;
				GCC_WARN_ABOUT_RETURN_TYPE = YES_ERROR;
				GCC_WARN_UNDECLARED_SELECTOR = YES;
				GCC_WARN_UNINITIALIZED_AUTOS = YES_AGGRESSIVE;
				GCC_WARN_UNUSED_FUNCTION = YES;
				GCC_WARN_UNUSED_VARIABLE = YES;
				IPHONEOS_DEPLOYMENT_TARGET = 15.0;
				MTL_ENABLE_DEBUG_INFO = NO;
				MTL_FAST_MATH = YES;
				SDKROOT = iphoneos;
				SWIFT_COMPILATION_MODE = wholemodule;
				SWIFT_OPTIMIZATION_LEVEL = "-O";
				VALIDATE_PRODUCT = YES;
			};
			name = Release;
		};
		93C1D1B32913E458001F2A74 /* Debug */ = {
			isa = XCBuildConfiguration;
			baseConfigurationReference = DF5F15211753583C48FB8457 /* Pods-Final.debug.xcconfig */;
			buildSettings = {
				ASSETCATALOG_COMPILER_APPICON_NAME = AppIcon;
				ASSETCATALOG_COMPILER_GLOBAL_ACCENT_COLOR_NAME = AccentColor;
				CODE_SIGN_STYLE = Automatic;
				CURRENT_PROJECT_VERSION = 1;
				DEVELOPMENT_ASSET_PATHS = "\"Final/Preview Content\"";
				ENABLE_PREVIEWS = YES;
				GENERATE_INFOPLIST_FILE = YES;
				INFOPLIST_KEY_UIApplicationSceneManifest_Generation = YES;
				INFOPLIST_KEY_UIApplicationSupportsIndirectInputEvents = YES;
				INFOPLIST_KEY_UILaunchScreen_Generation = YES;
				INFOPLIST_KEY_UISupportedInterfaceOrientations_iPad = "UIInterfaceOrientationPortrait UIInterfaceOrientationPortraitUpsideDown UIInterfaceOrientationLandscapeLeft UIInterfaceOrientationLandscapeRight";
				INFOPLIST_KEY_UISupportedInterfaceOrientations_iPhone = "UIInterfaceOrientationPortrait UIInterfaceOrientationLandscapeLeft UIInterfaceOrientationLandscapeRight";
				IPHONEOS_DEPLOYMENT_TARGET = 15.0;
				LD_RUNPATH_SEARCH_PATHS = (
					"$(inherited)",
					"@executable_path/Frameworks",
				);
				MARKETING_VERSION = 1.0;
				PRODUCT_BUNDLE_IDENTIFIER = dunice.Final;
				PRODUCT_NAME = "$(TARGET_NAME)";
				SWIFT_EMIT_LOC_STRINGS = YES;
				SWIFT_VERSION = 5.0;
				TARGETED_DEVICE_FAMILY = "1,2";
			};
			name = Debug;
		};
		93C1D1B42913E458001F2A74 /* Release */ = {
			isa = XCBuildConfiguration;
			baseConfigurationReference = 312CB3CC4355AB1F2AD194D7 /* Pods-Final.release.xcconfig */;
			buildSettings = {
				ASSETCATALOG_COMPILER_APPICON_NAME = AppIcon;
				ASSETCATALOG_COMPILER_GLOBAL_ACCENT_COLOR_NAME = AccentColor;
				CODE_SIGN_STYLE = Automatic;
				CURRENT_PROJECT_VERSION = 1;
				DEVELOPMENT_ASSET_PATHS = "\"Final/Preview Content\"";
				ENABLE_PREVIEWS = YES;
				GENERATE_INFOPLIST_FILE = YES;
				INFOPLIST_KEY_UIApplicationSceneManifest_Generation = YES;
				INFOPLIST_KEY_UIApplicationSupportsIndirectInputEvents = YES;
				INFOPLIST_KEY_UILaunchScreen_Generation = YES;
				INFOPLIST_KEY_UISupportedInterfaceOrientations_iPad = "UIInterfaceOrientationPortrait UIInterfaceOrientationPortraitUpsideDown UIInterfaceOrientationLandscapeLeft UIInterfaceOrientationLandscapeRight";
				INFOPLIST_KEY_UISupportedInterfaceOrientations_iPhone = "UIInterfaceOrientationPortrait UIInterfaceOrientationLandscapeLeft UIInterfaceOrientationLandscapeRight";
				IPHONEOS_DEPLOYMENT_TARGET = 15.0;
				LD_RUNPATH_SEARCH_PATHS = (
					"$(inherited)",
					"@executable_path/Frameworks",
				);
				MARKETING_VERSION = 1.0;
				PRODUCT_BUNDLE_IDENTIFIER = dunice.Final;
				PRODUCT_NAME = "$(TARGET_NAME)";
				SWIFT_EMIT_LOC_STRINGS = YES;
				SWIFT_VERSION = 5.0;
				TARGETED_DEVICE_FAMILY = "1,2";
			};
			name = Release;
		};
/* End XCBuildConfiguration section */

/* Begin XCConfigurationList section */
		93C1D19F2913E457001F2A74 /* Build configuration list for PBXProject "Final" */ = {
			isa = XCConfigurationList;
			buildConfigurations = (
				93C1D1B02913E458001F2A74 /* Debug */,
				93C1D1B12913E458001F2A74 /* Release */,
			);
			defaultConfigurationIsVisible = 0;
			defaultConfigurationName = Release;
		};
		93C1D1B22913E458001F2A74 /* Build configuration list for PBXNativeTarget "Final" */ = {
			isa = XCConfigurationList;
			buildConfigurations = (
				93C1D1B32913E458001F2A74 /* Debug */,
				93C1D1B42913E458001F2A74 /* Release */,
			);
			defaultConfigurationIsVisible = 0;
			defaultConfigurationName = Release;
		};
/* End XCConfigurationList section */
	};
	rootObject = 93C1D19C2913E457001F2A74 /* Project object */;
}
